
Microsoft Visual Studio Solution File, Format Version 12.00
# Visual Studio Version 16
VisualStudioVersion = 16.0.29509.3
MinimumVisualStudioVersion = 10.0.40219.1
Project("{FAE04EC0-301F-11D3-BF4B-00C04F79EFBC}") = "DesignPatternsDotNet", "DesignPatternsDotNet\DesignPatternsDotNet.csproj", "{5743C6EF-6158-4D27-A8DC-4029487DED3D}"
EndProject
Global
	GlobalSection(SolutionConfigurationPlatforms) = preSolution
		Debug|Any CPU = Debug|Any CPU
		Release|Any CPU = Release|Any CPU
	EndGlobalSection
	GlobalSection(ProjectConfigurationPlatforms) = postSolution
		{5743C6EF-6158-4D27-A8DC-4029487DED3D}.Debug|Any CPU.ActiveCfg = Debug|Any CPU
		{5743C6EF-6158-4D27-A8DC-4029487DED3D}.Debug|Any CPU.Build.0 = Debug|Any CPU
		{5743C6EF-6158-4D27-A8DC-4029487DED3D}.Release|Any CPU.ActiveCfg = Release|Any CPU
		{5743C6EF-6158-4D27-A8DC-4029487DED3D}.Release|Any CPU.Build.0 = Release|Any CPU
	EndGlobalSection
	GlobalSection(SolutionProperties) = preSolution
		HideSolutionNode = FALSE
	EndGlobalSection
	GlobalSection(ExtensibilityGlobals) = postSolution
		SolutionGuid = {8C768779-1F90-4FAA-A450-16F4FD2FC150}
	EndGlobalSection
EndGlobal
